
Microsoft Visual Studio Solution File, Format Version 12.00
# Visual Studio Version 17
VisualStudioVersion = 17.8.34330.188
MinimumVisualStudioVersion = 10.0.40219.1
Project("{9A19103F-16F7-4668-BE54-9A1E7A4F7556}") = "CollectPay.Domain", "CollectPay.Domain\CollectPay.Domain.csproj", "{98BEACAB-ACD6-4827-8508-CC0294A53F93}"
EndProject
Project("{9A19103F-16F7-4668-BE54-9A1E7A4F7556}") = "CollectPay.Infrastructure", "CollectPay.Infrastructure\CollectPay.Infrastructure.csproj", "{35A73D80-B0AD-4592-B32C-02F81ACF6EF2}"
EndProject
Project("{2150E333-8FDC-42A3-9474-1A3956D46DE8}") = "src", "src", "{53327A3B-1841-4EC8-8430-B77FCF44AEB3}"
EndProject
Project("{2150E333-8FDC-42A3-9474-1A3956D46DE8}") = "Tests", "Tests", "{4841470A-839B-4C27-A342-1CCC9993022B}"
EndProject
Project("{9A19103F-16F7-4668-BE54-9A1E7A4F7556}") = "CollectPay.Application", "CollectPay.Application\CollectPay.Application.csproj", "{3D5E62D9-376C-4345-A7D6-63DAAF8444D7}"
EndProject
Project("{9A19103F-16F7-4668-BE54-9A1E7A4F7556}") = "CollectPay.Api", "CollectPay.Api\CollectPay.Api.csproj", "{45E12B51-BDD0-49EB-A0A9-C363DF63ED52}"
EndProject
Project("{9A19103F-16F7-4668-BE54-9A1E7A4F7556}") = "CollectPay.Persistence", "CollectPay.Persistence\CollectPay.Persistence.csproj", "{38AFF374-3C77-474D-ABAA-EBD9A71D64ED}"
EndProject
Project("{9A19103F-16F7-4668-BE54-9A1E7A4F7556}") = "CollectPay.Tests.Unit.Shared", "CollectPay.Tests.Unit.Shared\CollectPay.Tests.Unit.Shared.csproj", "{9AEFF140-9A2D-460D-9382-E3FB1DC85A28}"
EndProject
Project("{9A19103F-16F7-4668-BE54-9A1E7A4F7556}") = "CollectPay.Domain.Tests.Unit", "CollectPay.Domain.Tests.Unit\CollectPay.Domain.Tests.Unit.csproj", "{DCDD733E-F3A9-4EAC-8536-B0CF812FC5D2}"
EndProject
Project("{9A19103F-16F7-4668-BE54-9A1E7A4F7556}") = "CollectPay.Application.Tests.Unit", "CollectPay.Application.Tests.Unit\CollectPay.Application.Tests.Unit.csproj", "{16C6C4DB-6759-4FC5-9450-D00243373BB7}"
EndProject
Project("{9A19103F-16F7-4668-BE54-9A1E7A4F7556}") = "CollectPay.Tests.Integration.Shared", "CollectPay.Tests.Integration.Shared\CollectPay.Tests.Integration.Shared.csproj", "{B827C17F-A913-4793-A88B-A198CCC35E7D}"
EndProject
Project("{9A19103F-16F7-4668-BE54-9A1E7A4F7556}") = "CollectPay.Application.Tests.Integration", "CollectPay.Application.Tests.Integration\CollectPay.Application.Tests.Integration.csproj", "{7DF5658F-D8C3-470A-88F7-F1C8685265E4}"
EndProject
Project("{9A19103F-16F7-4668-BE54-9A1E7A4F7556}") = "CollectPay.Tests.Shared", "CollectPay.Tests.Shared\CollectPay.Tests.Shared.csproj", "{DA903FC0-49AF-410E-BBE9-62192B3281EB}"
EndProject
Project("{9A19103F-16F7-4668-BE54-9A1E7A4F7556}") = "CollectPay.Infrastructure.Tests.Unit", "CollectPay.Infrastructure.Tests.Unit\CollectPay.Infrastructure.Tests.Unit.csproj", "{C5624D05-3403-4B3E-B884-D19C9456A37D}"
EndProject
Project("{9A19103F-16F7-4668-BE54-9A1E7A4F7556}") = "CollectPay.Api.ApiTests", "CollectPay.Api.ApiTests\CollectPay.Api.ApiTests.csproj", "{42D8175E-FE69-4694-8DBA-B45DADE18BC9}"
EndProject
Project("{9A19103F-16F7-4668-BE54-9A1E7A4F7556}") = "CollectionPay.Maui", "CollectionPay.Maui\CollectionPay.Maui.csproj", "{B2D46E09-CA8A-4B28-95B4-F60E61849B1C}"
EndProject
Project("{FAE04EC0-301F-11D3-BF4B-00C04F79EFBC}") = "CollectionPay.Contracts", "CollectionPay.Contracts\CollectionPay.Contracts.csproj", "{3523B8EF-F0AD-4C43-9277-A63975D8AD19}"
EndProject
Project("{FAE04EC0-301F-11D3-BF4B-00C04F79EFBC}") = "CollectPay.Maui.Tests", "CollectPay.Maui.Tests\CollectPay.Maui.Tests.csproj", "{A241FF1D-75EE-4574-89A8-8DFEAA0ED367}"
EndProject
Global
	GlobalSection(SolutionConfigurationPlatforms) = preSolution
		Debug|Any CPU = Debug|Any CPU
		Release|Any CPU = Release|Any CPU
	EndGlobalSection
	GlobalSection(ProjectConfigurationPlatforms) = postSolution
		{98BEACAB-ACD6-4827-8508-CC0294A53F93}.Debug|Any CPU.ActiveCfg = Debug|Any CPU
		{98BEACAB-ACD6-4827-8508-CC0294A53F93}.Debug|Any CPU.Build.0 = Debug|Any CPU
		{98BEACAB-ACD6-4827-8508-CC0294A53F93}.Release|Any CPU.ActiveCfg = Release|Any CPU
		{98BEACAB-ACD6-4827-8508-CC0294A53F93}.Release|Any CPU.Build.0 = Release|Any CPU
		{35A73D80-B0AD-4592-B32C-02F81ACF6EF2}.Debug|Any CPU.ActiveCfg = Debug|Any CPU
		{35A73D80-B0AD-4592-B32C-02F81ACF6EF2}.Debug|Any CPU.Build.0 = Debug|Any CPU
		{35A73D80-B0AD-4592-B32C-02F81ACF6EF2}.Release|Any CPU.ActiveCfg = Release|Any CPU
		{35A73D80-B0AD-4592-B32C-02F81ACF6EF2}.Release|Any CPU.Build.0 = Release|Any CPU
		{3D5E62D9-376C-4345-A7D6-63DAAF8444D7}.Debug|Any CPU.ActiveCfg = Debug|Any CPU
		{3D5E62D9-376C-4345-A7D6-63DAAF8444D7}.Debug|Any CPU.Build.0 = Debug|Any CPU
		{3D5E62D9-376C-4345-A7D6-63DAAF8444D7}.Release|Any CPU.ActiveCfg = Release|Any CPU
		{3D5E62D9-376C-4345-A7D6-63DAAF8444D7}.Release|Any CPU.Build.0 = Release|Any CPU
		{45E12B51-BDD0-49EB-A0A9-C363DF63ED52}.Debug|Any CPU.ActiveCfg = Debug|Any CPU
		{45E12B51-BDD0-49EB-A0A9-C363DF63ED52}.Debug|Any CPU.Build.0 = Debug|Any CPU
		{45E12B51-BDD0-49EB-A0A9-C363DF63ED52}.Release|Any CPU.ActiveCfg = Release|Any CPU
		{45E12B51-BDD0-49EB-A0A9-C363DF63ED52}.Release|Any CPU.Build.0 = Release|Any CPU
		{38AFF374-3C77-474D-ABAA-EBD9A71D64ED}.Debug|Any CPU.ActiveCfg = Debug|Any CPU
		{38AFF374-3C77-474D-ABAA-EBD9A71D64ED}.Debug|Any CPU.Build.0 = Debug|Any CPU
		{38AFF374-3C77-474D-ABAA-EBD9A71D64ED}.Release|Any CPU.ActiveCfg = Release|Any CPU
		{38AFF374-3C77-474D-ABAA-EBD9A71D64ED}.Release|Any CPU.Build.0 = Release|Any CPU
		{9AEFF140-9A2D-460D-9382-E3FB1DC85A28}.Debug|Any CPU.ActiveCfg = Debug|Any CPU
		{9AEFF140-9A2D-460D-9382-E3FB1DC85A28}.Debug|Any CPU.Build.0 = Debug|Any CPU
		{9AEFF140-9A2D-460D-9382-E3FB1DC85A28}.Release|Any CPU.ActiveCfg = Release|Any CPU
		{9AEFF140-9A2D-460D-9382-E3FB1DC85A28}.Release|Any CPU.Build.0 = Release|Any CPU
		{DCDD733E-F3A9-4EAC-8536-B0CF812FC5D2}.Debug|Any CPU.ActiveCfg = Debug|Any CPU
		{DCDD733E-F3A9-4EAC-8536-B0CF812FC5D2}.Debug|Any CPU.Build.0 = Debug|Any CPU
		{DCDD733E-F3A9-4EAC-8536-B0CF812FC5D2}.Release|Any CPU.ActiveCfg = Release|Any CPU
		{DCDD733E-F3A9-4EAC-8536-B0CF812FC5D2}.Release|Any CPU.Build.0 = Release|Any CPU
		{16C6C4DB-6759-4FC5-9450-D00243373BB7}.Debug|Any CPU.ActiveCfg = Debug|Any CPU
		{16C6C4DB-6759-4FC5-9450-D00243373BB7}.Debug|Any CPU.Build.0 = Debug|Any CPU
		{16C6C4DB-6759-4FC5-9450-D00243373BB7}.Release|Any CPU.ActiveCfg = Release|Any CPU
		{16C6C4DB-6759-4FC5-9450-D00243373BB7}.Release|Any CPU.Build.0 = Release|Any CPU
		{B827C17F-A913-4793-A88B-A198CCC35E7D}.Debug|Any CPU.ActiveCfg = Debug|Any CPU
		{B827C17F-A913-4793-A88B-A198CCC35E7D}.Debug|Any CPU.Build.0 = Debug|Any CPU
		{B827C17F-A913-4793-A88B-A198CCC35E7D}.Release|Any CPU.ActiveCfg = Release|Any CPU
		{B827C17F-A913-4793-A88B-A198CCC35E7D}.Release|Any CPU.Build.0 = Release|Any CPU
		{7DF5658F-D8C3-470A-88F7-F1C8685265E4}.Debug|Any CPU.ActiveCfg = Debug|Any CPU
		{7DF5658F-D8C3-470A-88F7-F1C8685265E4}.Debug|Any CPU.Build.0 = Debug|Any CPU
		{7DF5658F-D8C3-470A-88F7-F1C8685265E4}.Release|Any CPU.ActiveCfg = Release|Any CPU
		{7DF5658F-D8C3-470A-88F7-F1C8685265E4}.Release|Any CPU.Build.0 = Release|Any CPU
		{DA903FC0-49AF-410E-BBE9-62192B3281EB}.Debug|Any CPU.ActiveCfg = Debug|Any CPU
		{DA903FC0-49AF-410E-BBE9-62192B3281EB}.Debug|Any CPU.Build.0 = Debug|Any CPU
		{DA903FC0-49AF-410E-BBE9-62192B3281EB}.Release|Any CPU.ActiveCfg = Release|Any CPU
		{DA903FC0-49AF-410E-BBE9-62192B3281EB}.Release|Any CPU.Build.0 = Release|Any CPU
		{C5624D05-3403-4B3E-B884-D19C9456A37D}.Debug|Any CPU.ActiveCfg = Debug|Any CPU
		{C5624D05-3403-4B3E-B884-D19C9456A37D}.Debug|Any CPU.Build.0 = Debug|Any CPU
		{C5624D05-3403-4B3E-B884-D19C9456A37D}.Release|Any CPU.ActiveCfg = Release|Any CPU
		{C5624D05-3403-4B3E-B884-D19C9456A37D}.Release|Any CPU.Build.0 = Release|Any CPU
		{42D8175E-FE69-4694-8DBA-B45DADE18BC9}.Debug|Any CPU.ActiveCfg = Debug|Any CPU
		{42D8175E-FE69-4694-8DBA-B45DADE18BC9}.Debug|Any CPU.Build.0 = Debug|Any CPU
		{42D8175E-FE69-4694-8DBA-B45DADE18BC9}.Release|Any CPU.ActiveCfg = Release|Any CPU
		{42D8175E-FE69-4694-8DBA-B45DADE18BC9}.Release|Any CPU.Build.0 = Release|Any CPU
		{B2D46E09-CA8A-4B28-95B4-F60E61849B1C}.Debug|Any CPU.ActiveCfg = Debug|Any CPU
		{B2D46E09-CA8A-4B28-95B4-F60E61849B1C}.Debug|Any CPU.Build.0 = Debug|Any CPU
		{B2D46E09-CA8A-4B28-95B4-F60E61849B1C}.Debug|Any CPU.Deploy.0 = Debug|Any CPU
		{B2D46E09-CA8A-4B28-95B4-F60E61849B1C}.Release|Any CPU.ActiveCfg = Release|Any CPU
		{B2D46E09-CA8A-4B28-95B4-F60E61849B1C}.Release|Any CPU.Build.0 = Release|Any CPU
		{3523B8EF-F0AD-4C43-9277-A63975D8AD19}.Debug|Any CPU.ActiveCfg = Debug|Any CPU
		{3523B8EF-F0AD-4C43-9277-A63975D8AD19}.Debug|Any CPU.Build.0 = Debug|Any CPU
		{3523B8EF-F0AD-4C43-9277-A63975D8AD19}.Release|Any CPU.ActiveCfg = Release|Any CPU
		{3523B8EF-F0AD-4C43-9277-A63975D8AD19}.Release|Any CPU.Build.0 = Release|Any CPU
		{A241FF1D-75EE-4574-89A8-8DFEAA0ED367}.Debug|Any CPU.ActiveCfg = Debug|Any CPU
		{A241FF1D-75EE-4574-89A8-8DFEAA0ED367}.Debug|Any CPU.Build.0 = Debug|Any CPU
		{A241FF1D-75EE-4574-89A8-8DFEAA0ED367}.Release|Any CPU.ActiveCfg = Release|Any CPU
		{A241FF1D-75EE-4574-89A8-8DFEAA0ED367}.Release|Any CPU.Build.0 = Release|Any CPU
	EndGlobalSection
	GlobalSection(SolutionProperties) = preSolution
		HideSolutionNode = FALSE
	EndGlobalSection
	GlobalSection(NestedProjects) = preSolution
		{98BEACAB-ACD6-4827-8508-CC0294A53F93} = {53327A3B-1841-4EC8-8430-B77FCF44AEB3}
		{35A73D80-B0AD-4592-B32C-02F81ACF6EF2} = {53327A3B-1841-4EC8-8430-B77FCF44AEB3}
		{3D5E62D9-376C-4345-A7D6-63DAAF8444D7} = {53327A3B-1841-4EC8-8430-B77FCF44AEB3}
		{45E12B51-BDD0-49EB-A0A9-C363DF63ED52} = {53327A3B-1841-4EC8-8430-B77FCF44AEB3}
		{38AFF374-3C77-474D-ABAA-EBD9A71D64ED} = {53327A3B-1841-4EC8-8430-B77FCF44AEB3}
		{9AEFF140-9A2D-460D-9382-E3FB1DC85A28} = {4841470A-839B-4C27-A342-1CCC9993022B}
		{DCDD733E-F3A9-4EAC-8536-B0CF812FC5D2} = {4841470A-839B-4C27-A342-1CCC9993022B}
		{16C6C4DB-6759-4FC5-9450-D00243373BB7} = {4841470A-839B-4C27-A342-1CCC9993022B}
		{B827C17F-A913-4793-A88B-A198CCC35E7D} = {4841470A-839B-4C27-A342-1CCC9993022B}
		{7DF5658F-D8C3-470A-88F7-F1C8685265E4} = {4841470A-839B-4C27-A342-1CCC9993022B}
		{DA903FC0-49AF-410E-BBE9-62192B3281EB} = {4841470A-839B-4C27-A342-1CCC9993022B}
		{C5624D05-3403-4B3E-B884-D19C9456A37D} = {4841470A-839B-4C27-A342-1CCC9993022B}
		{42D8175E-FE69-4694-8DBA-B45DADE18BC9} = {4841470A-839B-4C27-A342-1CCC9993022B}
		{B2D46E09-CA8A-4B28-95B4-F60E61849B1C} = {53327A3B-1841-4EC8-8430-B77FCF44AEB3}
		{3523B8EF-F0AD-4C43-9277-A63975D8AD19} = {53327A3B-1841-4EC8-8430-B77FCF44AEB3}
		{A241FF1D-75EE-4574-89A8-8DFEAA0ED367} = {4841470A-839B-4C27-A342-1CCC9993022B}
	EndGlobalSection
EndGlobal
