
Microsoft Visual Studio Solution File, Format Version 12.00
Project("{FAE04EC0-301F-11D3-BF4B-00C04F79EFBC}") = "CollectPay.Domain", "CollectPay.Domain\CollectPay.Domain.csproj", "{98BEACAB-ACD6-4827-8508-CC0294A53F93}"
EndProject
Project("{FAE04EC0-301F-11D3-BF4B-00C04F79EFBC}") = "CollectPay.Domain.Tests", "CollectPay.Domain.Tests\CollectPay.Domain.Tests.csproj", "{F6AB6341-9BEA-4E2D-8B21-0D1423FD9186}"
EndProject
Project("{FAE04EC0-301F-11D3-BF4B-00C04F79EFBC}") = "CollectPay.Infrastructure", "CollectPay.Infrastructure\CollectPay.Infrastructure.csproj", "{35A73D80-B0AD-4592-B32C-02F81ACF6EF2}"
EndProject
Project("{2150E333-8FDC-42A3-9474-1A3956D46DE8}") = "src", "src", "{53327A3B-1841-4EC8-8430-B77FCF44AEB3}"
EndProject
Project("{2150E333-8FDC-42A3-9474-1A3956D46DE8}") = "Tests", "Tests", "{4841470A-839B-4C27-A342-1CCC9993022B}"
EndProject
Project("{FAE04EC0-301F-11D3-BF4B-00C04F79EFBC}") = "CollectPay.Application", "CollectPay.Application\CollectPay.Application.csproj", "{3D5E62D9-376C-4345-A7D6-63DAAF8444D7}"
EndProject
Project("{FAE04EC0-301F-11D3-BF4B-00C04F79EFBC}") = "CollectPay.Api", "CollectPay.Api\CollectPay.Api.csproj", "{45E12B51-BDD0-49EB-A0A9-C363DF63ED52}"
EndProject
Project("{FAE04EC0-301F-11D3-BF4B-00C04F79EFBC}") = "CollectPay.Persistence", "CollectPay.Persistence\CollectPay.Persistence.csproj", "{38AFF374-3C77-474D-ABAA-EBD9A71D64ED}"
EndProject
Global
	GlobalSection(SolutionConfigurationPlatforms) = preSolution
		Debug|Any CPU = Debug|Any CPU
		Release|Any CPU = Release|Any CPU
	EndGlobalSection
	GlobalSection(ProjectConfigurationPlatforms) = postSolution
		{98BEACAB-ACD6-4827-8508-CC0294A53F93}.Debug|Any CPU.ActiveCfg = Debug|Any CPU
		{98BEACAB-ACD6-4827-8508-CC0294A53F93}.Debug|Any CPU.Build.0 = Debug|Any CPU
		{98BEACAB-ACD6-4827-8508-CC0294A53F93}.Release|Any CPU.ActiveCfg = Release|Any CPU
		{98BEACAB-ACD6-4827-8508-CC0294A53F93}.Release|Any CPU.Build.0 = Release|Any CPU
		{F6AB6341-9BEA-4E2D-8B21-0D1423FD9186}.Debug|Any CPU.ActiveCfg = Debug|Any CPU
		{F6AB6341-9BEA-4E2D-8B21-0D1423FD9186}.Debug|Any CPU.Build.0 = Debug|Any CPU
		{F6AB6341-9BEA-4E2D-8B21-0D1423FD9186}.Release|Any CPU.ActiveCfg = Release|Any CPU
		{F6AB6341-9BEA-4E2D-8B21-0D1423FD9186}.Release|Any CPU.Build.0 = Release|Any CPU
		{35A73D80-B0AD-4592-B32C-02F81ACF6EF2}.Debug|Any CPU.ActiveCfg = Debug|Any CPU
		{35A73D80-B0AD-4592-B32C-02F81ACF6EF2}.Debug|Any CPU.Build.0 = Debug|Any CPU
		{35A73D80-B0AD-4592-B32C-02F81ACF6EF2}.Release|Any CPU.ActiveCfg = Release|Any CPU
		{35A73D80-B0AD-4592-B32C-02F81ACF6EF2}.Release|Any CPU.Build.0 = Release|Any CPU
		{3D5E62D9-376C-4345-A7D6-63DAAF8444D7}.Debug|Any CPU.ActiveCfg = Debug|Any CPU
		{3D5E62D9-376C-4345-A7D6-63DAAF8444D7}.Debug|Any CPU.Build.0 = Debug|Any CPU
		{3D5E62D9-376C-4345-A7D6-63DAAF8444D7}.Release|Any CPU.ActiveCfg = Release|Any CPU
		{3D5E62D9-376C-4345-A7D6-63DAAF8444D7}.Release|Any CPU.Build.0 = Release|Any CPU
		{45E12B51-BDD0-49EB-A0A9-C363DF63ED52}.Debug|Any CPU.ActiveCfg = Debug|Any CPU
		{45E12B51-BDD0-49EB-A0A9-C363DF63ED52}.Debug|Any CPU.Build.0 = Debug|Any CPU
		{45E12B51-BDD0-49EB-A0A9-C363DF63ED52}.Release|Any CPU.ActiveCfg = Release|Any CPU
		{45E12B51-BDD0-49EB-A0A9-C363DF63ED52}.Release|Any CPU.Build.0 = Release|Any CPU
		{38AFF374-3C77-474D-ABAA-EBD9A71D64ED}.Debug|Any CPU.ActiveCfg = Debug|Any CPU
		{38AFF374-3C77-474D-ABAA-EBD9A71D64ED}.Debug|Any CPU.Build.0 = Debug|Any CPU
		{38AFF374-3C77-474D-ABAA-EBD9A71D64ED}.Release|Any CPU.ActiveCfg = Release|Any CPU
		{38AFF374-3C77-474D-ABAA-EBD9A71D64ED}.Release|Any CPU.Build.0 = Release|Any CPU
	EndGlobalSection
	GlobalSection(NestedProjects) = preSolution
		{35A73D80-B0AD-4592-B32C-02F81ACF6EF2} = {53327A3B-1841-4EC8-8430-B77FCF44AEB3}
		{98BEACAB-ACD6-4827-8508-CC0294A53F93} = {53327A3B-1841-4EC8-8430-B77FCF44AEB3}
		{F6AB6341-9BEA-4E2D-8B21-0D1423FD9186} = {4841470A-839B-4C27-A342-1CCC9993022B}
		{3D5E62D9-376C-4345-A7D6-63DAAF8444D7} = {53327A3B-1841-4EC8-8430-B77FCF44AEB3}
		{45E12B51-BDD0-49EB-A0A9-C363DF63ED52} = {53327A3B-1841-4EC8-8430-B77FCF44AEB3}
		{38AFF374-3C77-474D-ABAA-EBD9A71D64ED} = {53327A3B-1841-4EC8-8430-B77FCF44AEB3}
	EndGlobalSection
EndGlobal
