
Microsoft Visual Studio Solution File, Format Version 12.00
Project("{FAE04EC0-301F-11D3-BF4B-00C04F79EFBC}") = "CollectPay.Domain", "CollectPay.Domain\CollectPay.Domain.csproj", "{98BEACAB-ACD6-4827-8508-CC0294A53F93}"
EndProject
Project("{FAE04EC0-301F-11D3-BF4B-00C04F79EFBC}") = "CollectPay.Infrastructure", "CollectPay.Infrastructure\CollectPay.Infrastructure.csproj", "{35A73D80-B0AD-4592-B32C-02F81ACF6EF2}"
EndProject
Project("{2150E333-8FDC-42A3-9474-1A3956D46DE8}") = "src", "src", "{53327A3B-1841-4EC8-8430-B77FCF44AEB3}"
EndProject
Project("{2150E333-8FDC-42A3-9474-1A3956D46DE8}") = "Tests", "Tests", "{4841470A-839B-4C27-A342-1CCC9993022B}"
EndProject
Project("{FAE04EC0-301F-11D3-BF4B-00C04F79EFBC}") = "CollectPay.Application", "CollectPay.Application\CollectPay.Application.csproj", "{3D5E62D9-376C-4345-A7D6-63DAAF8444D7}"
EndProject
Project("{FAE04EC0-301F-11D3-BF4B-00C04F79EFBC}") = "CollectPay.Api", "CollectPay.Api\CollectPay.Api.csproj", "{45E12B51-BDD0-49EB-A0A9-C363DF63ED52}"
EndProject
Project("{FAE04EC0-301F-11D3-BF4B-00C04F79EFBC}") = "CollectPay.Persistence", "CollectPay.Persistence\CollectPay.Persistence.csproj", "{38AFF374-3C77-474D-ABAA-EBD9A71D64ED}"
EndProject
Project("{FAE04EC0-301F-11D3-BF4B-00C04F79EFBC}") = "CollectPay.UnitTests.Shared", "CollectPay.UnitTests.Shared\CollectPay.UnitTests.Shared.csproj", "{9AEFF140-9A2D-460D-9382-E3FB1DC85A28}"
EndProject
Project("{FAE04EC0-301F-11D3-BF4B-00C04F79EFBC}") = "CollectPay.Domain.UnitTests", "CollectPay.Domain.UnitTests\CollectPay.Domain.UnitTests.csproj", "{DCDD733E-F3A9-4EAC-8536-B0CF812FC5D2}"
EndProject
Project("{FAE04EC0-301F-11D3-BF4B-00C04F79EFBC}") = "CollectPay.Application.UnitTests", "CollectPay.Application.UnitTests\CollectPay.Application.UnitTests.csproj", "{16C6C4DB-6759-4FC5-9450-D00243373BB7}"
EndProject
Project("{FAE04EC0-301F-11D3-BF4B-00C04F79EFBC}") = "CollectPay.IntegrationTests.Shared", "CollectPay.IntegrationTests.Shared\CollectPay.IntegrationTests.Shared.csproj", "{B827C17F-A913-4793-A88B-A198CCC35E7D}"
EndProject
Project("{FAE04EC0-301F-11D3-BF4B-00C04F79EFBC}") = "CollectPay.Application.IntegrationTests", "CollectPay.Application.IntegrationTests\CollectPay.Application.IntegrationTests.csproj", "{7DF5658F-D8C3-470A-88F7-F1C8685265E4}"
EndProject
Project("{FAE04EC0-301F-11D3-BF4B-00C04F79EFBC}") = "CollectPay.Tests.Shared", "CollectPay.Tests.Shared\CollectPay.Tests.Shared.csproj", "{DA903FC0-49AF-410E-BBE9-62192B3281EB}"
EndProject
Global
	GlobalSection(SolutionConfigurationPlatforms) = preSolution
		Debug|Any CPU = Debug|Any CPU
		Release|Any CPU = Release|Any CPU
	EndGlobalSection
	GlobalSection(ProjectConfigurationPlatforms) = postSolution
		{98BEACAB-ACD6-4827-8508-CC0294A53F93}.Debug|Any CPU.ActiveCfg = Debug|Any CPU
		{98BEACAB-ACD6-4827-8508-CC0294A53F93}.Debug|Any CPU.Build.0 = Debug|Any CPU
		{98BEACAB-ACD6-4827-8508-CC0294A53F93}.Release|Any CPU.ActiveCfg = Release|Any CPU
		{98BEACAB-ACD6-4827-8508-CC0294A53F93}.Release|Any CPU.Build.0 = Release|Any CPU
		{35A73D80-B0AD-4592-B32C-02F81ACF6EF2}.Debug|Any CPU.ActiveCfg = Debug|Any CPU
		{35A73D80-B0AD-4592-B32C-02F81ACF6EF2}.Debug|Any CPU.Build.0 = Debug|Any CPU
		{35A73D80-B0AD-4592-B32C-02F81ACF6EF2}.Release|Any CPU.ActiveCfg = Release|Any CPU
		{35A73D80-B0AD-4592-B32C-02F81ACF6EF2}.Release|Any CPU.Build.0 = Release|Any CPU
		{3D5E62D9-376C-4345-A7D6-63DAAF8444D7}.Debug|Any CPU.ActiveCfg = Debug|Any CPU
		{3D5E62D9-376C-4345-A7D6-63DAAF8444D7}.Debug|Any CPU.Build.0 = Debug|Any CPU
		{3D5E62D9-376C-4345-A7D6-63DAAF8444D7}.Release|Any CPU.ActiveCfg = Release|Any CPU
		{3D5E62D9-376C-4345-A7D6-63DAAF8444D7}.Release|Any CPU.Build.0 = Release|Any CPU
		{45E12B51-BDD0-49EB-A0A9-C363DF63ED52}.Debug|Any CPU.ActiveCfg = Debug|Any CPU
		{45E12B51-BDD0-49EB-A0A9-C363DF63ED52}.Debug|Any CPU.Build.0 = Debug|Any CPU
		{45E12B51-BDD0-49EB-A0A9-C363DF63ED52}.Release|Any CPU.ActiveCfg = Release|Any CPU
		{45E12B51-BDD0-49EB-A0A9-C363DF63ED52}.Release|Any CPU.Build.0 = Release|Any CPU
		{38AFF374-3C77-474D-ABAA-EBD9A71D64ED}.Debug|Any CPU.ActiveCfg = Debug|Any CPU
		{38AFF374-3C77-474D-ABAA-EBD9A71D64ED}.Debug|Any CPU.Build.0 = Debug|Any CPU
		{38AFF374-3C77-474D-ABAA-EBD9A71D64ED}.Release|Any CPU.ActiveCfg = Release|Any CPU
		{38AFF374-3C77-474D-ABAA-EBD9A71D64ED}.Release|Any CPU.Build.0 = Release|Any CPU
		{9AEFF140-9A2D-460D-9382-E3FB1DC85A28}.Debug|Any CPU.ActiveCfg = Debug|Any CPU
		{9AEFF140-9A2D-460D-9382-E3FB1DC85A28}.Debug|Any CPU.Build.0 = Debug|Any CPU
		{9AEFF140-9A2D-460D-9382-E3FB1DC85A28}.Release|Any CPU.ActiveCfg = Release|Any CPU
		{9AEFF140-9A2D-460D-9382-E3FB1DC85A28}.Release|Any CPU.Build.0 = Release|Any CPU
		{DCDD733E-F3A9-4EAC-8536-B0CF812FC5D2}.Debug|Any CPU.ActiveCfg = Debug|Any CPU
		{DCDD733E-F3A9-4EAC-8536-B0CF812FC5D2}.Debug|Any CPU.Build.0 = Debug|Any CPU
		{DCDD733E-F3A9-4EAC-8536-B0CF812FC5D2}.Release|Any CPU.ActiveCfg = Release|Any CPU
		{DCDD733E-F3A9-4EAC-8536-B0CF812FC5D2}.Release|Any CPU.Build.0 = Release|Any CPU
		{16C6C4DB-6759-4FC5-9450-D00243373BB7}.Debug|Any CPU.ActiveCfg = Debug|Any CPU
		{16C6C4DB-6759-4FC5-9450-D00243373BB7}.Debug|Any CPU.Build.0 = Debug|Any CPU
		{16C6C4DB-6759-4FC5-9450-D00243373BB7}.Release|Any CPU.ActiveCfg = Release|Any CPU
		{16C6C4DB-6759-4FC5-9450-D00243373BB7}.Release|Any CPU.Build.0 = Release|Any CPU
		{B827C17F-A913-4793-A88B-A198CCC35E7D}.Debug|Any CPU.ActiveCfg = Debug|Any CPU
		{B827C17F-A913-4793-A88B-A198CCC35E7D}.Debug|Any CPU.Build.0 = Debug|Any CPU
		{B827C17F-A913-4793-A88B-A198CCC35E7D}.Release|Any CPU.ActiveCfg = Release|Any CPU
		{B827C17F-A913-4793-A88B-A198CCC35E7D}.Release|Any CPU.Build.0 = Release|Any CPU
		{7DF5658F-D8C3-470A-88F7-F1C8685265E4}.Debug|Any CPU.ActiveCfg = Debug|Any CPU
		{7DF5658F-D8C3-470A-88F7-F1C8685265E4}.Debug|Any CPU.Build.0 = Debug|Any CPU
		{7DF5658F-D8C3-470A-88F7-F1C8685265E4}.Release|Any CPU.ActiveCfg = Release|Any CPU
		{7DF5658F-D8C3-470A-88F7-F1C8685265E4}.Release|Any CPU.Build.0 = Release|Any CPU
		{DA903FC0-49AF-410E-BBE9-62192B3281EB}.Debug|Any CPU.ActiveCfg = Debug|Any CPU
		{DA903FC0-49AF-410E-BBE9-62192B3281EB}.Debug|Any CPU.Build.0 = Debug|Any CPU
		{DA903FC0-49AF-410E-BBE9-62192B3281EB}.Release|Any CPU.ActiveCfg = Release|Any CPU
		{DA903FC0-49AF-410E-BBE9-62192B3281EB}.Release|Any CPU.Build.0 = Release|Any CPU
	EndGlobalSection
	GlobalSection(NestedProjects) = preSolution
		{35A73D80-B0AD-4592-B32C-02F81ACF6EF2} = {53327A3B-1841-4EC8-8430-B77FCF44AEB3}
		{98BEACAB-ACD6-4827-8508-CC0294A53F93} = {53327A3B-1841-4EC8-8430-B77FCF44AEB3}
		{3D5E62D9-376C-4345-A7D6-63DAAF8444D7} = {53327A3B-1841-4EC8-8430-B77FCF44AEB3}
		{45E12B51-BDD0-49EB-A0A9-C363DF63ED52} = {53327A3B-1841-4EC8-8430-B77FCF44AEB3}
		{38AFF374-3C77-474D-ABAA-EBD9A71D64ED} = {53327A3B-1841-4EC8-8430-B77FCF44AEB3}
		{9AEFF140-9A2D-460D-9382-E3FB1DC85A28} = {4841470A-839B-4C27-A342-1CCC9993022B}
		{DCDD733E-F3A9-4EAC-8536-B0CF812FC5D2} = {4841470A-839B-4C27-A342-1CCC9993022B}
		{16C6C4DB-6759-4FC5-9450-D00243373BB7} = {4841470A-839B-4C27-A342-1CCC9993022B}
		{B827C17F-A913-4793-A88B-A198CCC35E7D} = {4841470A-839B-4C27-A342-1CCC9993022B}
		{7DF5658F-D8C3-470A-88F7-F1C8685265E4} = {4841470A-839B-4C27-A342-1CCC9993022B}
		{DA903FC0-49AF-410E-BBE9-62192B3281EB} = {4841470A-839B-4C27-A342-1CCC9993022B}
	EndGlobalSection
EndGlobal
